{
    "_meta": {
        "hash": {
            "sha256": "2c488ce70de7eadca74e524b972299ec6d1d4ca73105f362bb98c53359b470e5"
        },
        "pipfile-spec": 6,
        "requires": {
            "python_version": "3.8"
        },
        "sources": [
            {
                "name": "pypi",
                "url": "https://pypi.org/simple",
                "verify_ssl": true
            }
        ]
    },
    "default": {
        "networkx": {
            "hashes": [
                "sha256:80b6b89c77d1dfb64a4c7854981b60aeea6360ac02c6d4e4913319e0a313abef",
                "sha256:c0946ed31d71f1b732b5aaa6da5a0388a345019af232ce2f49c766e2d6795c51"
            ],
            "index": "pypi",
            "version": "==2.6.3"
        },
        "python-louvain": {
            "hashes": [
                "sha256:b7ba2df5002fd28d3ee789a49532baad11fe648e4f2117cf0798e7520a1da56b"
            ],
            "index": "pypi",
            "version": "==0.16"
        }
    },
    "develop": {}
}
